
Microsoft Visual Studio Solution File, Format Version 12.00
# Visual Studio Version 17
VisualStudioVersion = 17.8.34525.116
MinimumVisualStudioVersion = 10.0.40219.1
Project("{FAE04EC0-301F-11D3-BF4B-00C04F79EFBC}") = "Server", "Server\Server.csproj", "{C1072FB9-A793-4BB4-B52B-DBA4A8FB4DB7}"
EndProject
Project("{FAE04EC0-301F-11D3-BF4B-00C04F79EFBC}") = "Client", "Client\Client.csproj", "{B8D687AE-3550-48E1-B794-83D34E0D2100}"
EndProject
Global
	GlobalSection(SolutionConfigurationPlatforms) = preSolution
		Debug|Any CPU = Debug|Any CPU
		Release|Any CPU = Release|Any CPU
	EndGlobalSection
	GlobalSection(ProjectConfigurationPlatforms) = postSolution
		{C1072FB9-A793-4BB4-B52B-DBA4A8FB4DB7}.Debug|Any CPU.ActiveCfg = Debug|Any CPU
		{C1072FB9-A793-4BB4-B52B-DBA4A8FB4DB7}.Debug|Any CPU.Build.0 = Debug|Any CPU
		{C1072FB9-A793-4BB4-B52B-DBA4A8FB4DB7}.Release|Any CPU.ActiveCfg = Release|Any CPU
		{C1072FB9-A793-4BB4-B52B-DBA4A8FB4DB7}.Release|Any CPU.Build.0 = Release|Any CPU
		{B8D687AE-3550-48E1-B794-83D34E0D2100}.Debug|Any CPU.ActiveCfg = Debug|Any CPU
		{B8D687AE-3550-48E1-B794-83D34E0D2100}.Debug|Any CPU.Build.0 = Debug|Any CPU
		{B8D687AE-3550-48E1-B794-83D34E0D2100}.Release|Any CPU.ActiveCfg = Release|Any CPU
		{B8D687AE-3550-48E1-B794-83D34E0D2100}.Release|Any CPU.Build.0 = Release|Any CPU
	EndGlobalSection
	GlobalSection(SolutionProperties) = preSolution
		HideSolutionNode = FALSE
	EndGlobalSection
	GlobalSection(ExtensibilityGlobals) = postSolution
		SolutionGuid = {22F2F361-5AB9-4B40-ABC6-C61CF9F1E75C}
	EndGlobalSection
EndGlobal
